
Microsoft Visual Studio Solution File, Format Version 12.00
# Visual Studio 15
VisualStudioVersion = 15.0.26228.4
MinimumVisualStudioVersion = 10.0.40219.1
Project("{FAE04EC0-301F-11D3-BF4B-00C04F79EFBC}") = "SimpleMethods", "SimpleMethods\SimpleMethods.csproj", "{F3AB39F3-A49B-4161-ABB5-BB754C1E9DDD}"
EndProject
Global
	GlobalSection(SolutionConfigurationPlatforms) = preSolution
		Debug|Any CPU = Debug|Any CPU
		Release|Any CPU = Release|Any CPU
	EndGlobalSection
	GlobalSection(ProjectConfigurationPlatforms) = postSolution
		{F3AB39F3-A49B-4161-ABB5-BB754C1E9DDD}.Debug|Any CPU.ActiveCfg = Debug|Any CPU
		{F3AB39F3-A49B-4161-ABB5-BB754C1E9DDD}.Debug|Any CPU.Build.0 = Debug|Any CPU
		{F3AB39F3-A49B-4161-ABB5-BB754C1E9DDD}.Release|Any CPU.ActiveCfg = Release|Any CPU
		{F3AB39F3-A49B-4161-ABB5-BB754C1E9DDD}.Release|Any CPU.Build.0 = Release|Any CPU
	EndGlobalSection
	GlobalSection(SolutionProperties) = preSolution
		HideSolutionNode = FALSE
	EndGlobalSection
EndGlobal
